<?xml version="1.0" encoding="utf-8"?>
<Project ToolsVersion="4.0" xmlns="http://schemas.microsoft.com/developer/msbuild/2003">
  <ItemGroup>
    <Text Include="src\rebelle_VS\ReadMe.txt">
      <Filter>src\rebelle_VS</Filter>
    </Text>
  </ItemGroup>
  <ItemGroup>
    <Filter Include="src">
      <UniqueIdentifier>{2dcd0976-a5c4-4d45-8387-e076f7168354}</UniqueIdentifier>
    </Filter>
    <Filter Include="src\rebelle">
      <UniqueIdentifier>{6f026afd-f689-4d9d-be09-272449478ef8}</UniqueIdentifier>
    </Filter>
    <Filter Include="src\rebelle_VS">
      <UniqueIdentifier>{07c6dcc8-0611-492b-866d-4f29f3415379}</UniqueIdentifier>
    </Filter>
    <Filter Include="data">
      <UniqueIdentifier>{87930b4b-8cb1-4bcc-8785-be4c211a9826}</UniqueIdentifier>
    </Filter>
    <Filter Include="data\gui">
      <UniqueIdentifier>{6f47de3d-746a-4db1-9e99-a514fd12452c}</UniqueIdentifier>
    </Filter>
    <Filter Include="data\levels">
      <UniqueIdentifier>{9d326858-164d-458c-b7fd-9f1f622ad413}</UniqueIdentifier>
    </Filter>
    <Filter Include="data\maps">
      <UniqueIdentifier>{8115ba8b-ae89-4ee9-82c1-aabc79d384b2}</UniqueIdentifier>
    </Filter>
    <Filter Include="data\sprite_types">
      <UniqueIdentifier>{ac6a4129-610a-48ec-abe0-b93bca8ffe26}</UniqueIdentifier>
    </Filter>
    <Filter Include="data\sprite_types\money">
      <UniqueIdentifier>{409dce63-4ca5-4eac-ba9b-ee5667f22277}</UniqueIdentifier>
    </Filter>
    <Filter Include="data\sprite_types\Rebelle">
      <UniqueIdentifier>{57c52bfa-1e07-44eb-a8f3-b2d4218d40cf}</UniqueIdentifier>
    </Filter>
  </ItemGroup>
  <ItemGroup>
    <ClCompile Include="src\rebelle_VS\stdafx.cpp">
      <Filter>src\rebelle_VS</Filter>
    </ClCompile>
    <ClCompile Include="src\rebelle\RebelleApp.cpp">
      <Filter>src\rebelle</Filter>
    </ClCompile>
    <ClCompile Include="src\rebelle\RebelleButtonEventHandler.cpp">
      <Filter>src\rebelle</Filter>
    </ClCompile>
    <ClCompile Include="src\rebelle\RebelleKeyEventHandler.cpp">
      <Filter>src\rebelle</Filter>
    </ClCompile>
    <ClCompile Include="src\rebelle\RebelleMouseEventHandler.cpp">
      <Filter>src\rebelle</Filter>
    </ClCompile>
    <ClCompile Include="src\rebelle\RebelleStateMachine.cpp">
      <Filter>src\rebelle</Filter>
    </ClCompile>
    <ClCompile Include="src\rebelle\RebelleTextGenerator.cpp">
      <Filter>src\rebelle</Filter>
    </ClCompile>
  </ItemGroup>
  <ItemGroup>
    <ClInclude Include="src\rebelle_VS\Resource.h">
      <Filter>src\rebelle_VS</Filter>
    </ClInclude>
    <ClInclude Include="src\rebelle_VS\stdafx.h">
      <Filter>src\rebelle_VS</Filter>
    </ClInclude>
    <ClInclude Include="src\rebelle_VS\targetver.h">
      <Filter>src\rebelle_VS</Filter>
    </ClInclude>
    <ClInclude Include="src\rebelle\RebelleApp.h">
      <Filter>src\rebelle</Filter>
    </ClInclude>
    <ClInclude Include="src\rebelle\RebelleButtonEventHandler.h">
      <Filter>src\rebelle</Filter>
    </ClInclude>
    <ClInclude Include="src\rebelle\RebelleKeyEventHandler.h">
      <Filter>src\rebelle</Filter>
    </ClInclude>
    <ClInclude Include="src\rebelle\RebelleMouseEventHandler.h">
      <Filter>src\rebelle</Filter>
    </ClInclude>
    <ClInclude Include="src\rebelle\RebelleStateMachine.h">
      <Filter>src\rebelle</Filter>
    </ClInclude>
    <ClInclude Include="src\rebelle\RebelleTextGenerator.h">
      <Filter>src\rebelle</Filter>
    </ClInclude>
  </ItemGroup>
  <ItemGroup>
    <None Include="..\..\Apps\Rebelle\data\mg_engine.config">
      <Filter>data</Filter>
    </None>
    <None Include="..\..\Apps\Rebelle\data\maps\LibraryLevel\Library.tmx">
      <Filter>data\maps</Filter>
    </None>
  </ItemGroup>
  <ItemGroup>
    <Xml Include="..\..\Apps\Rebelle\data\gui\rebelle_gui.xml">
      <Filter>data\gui</Filter>
    </Xml>
    <Xml Include="..\..\Apps\Rebelle\data\levels\Level1.xml">
      <Filter>data\levels</Filter>
    </Xml>
    <Xml Include="..\..\Apps\Rebelle\data\sprite_types\RebelleSpriteTypes.xml">
      <Filter>data\sprite_types</Filter>
    </Xml>
    <Xml Include="..\..\Apps\Rebelle\data\sprite_types\money\money.xml">
      <Filter>data\sprite_types\money</Filter>
    </Xml>
    <Xml Include="..\..\Apps\Rebelle\data\sprite_types\Rebelle\Rebelle.xml">
      <Filter>data\sprite_types\Rebelle</Filter>
    </Xml>
  </ItemGroup>
</Project>